{
  "name": "profile-readme",
  "version": "1.0.0",
  "lockfileVersion": 3,
  "requires": true,
  "packages": {
    "": {
      "name": "profile-readme",
      "version": "1.0.0",
      "dependencies": {
        "chartscii": "^4.0.3"
      },
      "engines": {
        "node": ">=18"
      }
    },
    "node_modules/chartscii": {
      "version": "4.0.3",
      "resolved": "https://registry.npmjs.org/chartscii/-/chartscii-4.0.3.tgz",
      "integrity": "sha512-nVTuqmt+z/U/rLgf3bGruQRKPDnshfmWFZ5ol1HygAB94MT02GX1N4pwe31KaWgovhYYmI/xhdXEHyGAVFe3Sw==",
      "license": "MIT",
      "dependencies": {
        "styl3": "3.1.1"
      }
    },
    "node_modules/styl3": {
      "version": "3.1.1",
      "resolved": "https://registry.npmjs.org/styl3/-/styl3-3.1.1.tgz",
      "integrity": "sha512-WRTBm/bs2ZfkbIQTk59xfJ0x/X4VKUSm/3u6egDFHNrYCcXYfWauBgq129whvYREvEOlOPQjDu1TARHyxCzCjQ==",
      "license": "MIT"
    }
  }
}
